
Microsoft Visual Studio Solution File, Format Version 12.00
# Visual Studio Version 17
VisualStudioVersion = 17.0.31919.166
MinimumVisualStudioVersion = 10.0.40219.1
Project("{9A19103F-16F7-4668-BE54-9A1E7A4F7556}") = "WinFormsApp1", "WinFormsApp1\WinFormsApp1.csproj", "{A34C84F9-2E03-4074-85B2-5A8321169452}"
EndProject
Global
	GlobalSection(SolutionConfigurationPlatforms) = preSolution
		Debug|Any CPU = Debug|Any CPU
		Release|Any CPU = Release|Any CPU
	EndGlobalSection
	GlobalSection(ProjectConfigurationPlatforms) = postSolution
		{A34C84F9-2E03-4074-85B2-5A8321169452}.Debug|Any CPU.ActiveCfg = Debug|Any CPU
		{A34C84F9-2E03-4074-85B2-5A8321169452}.Debug|Any CPU.Build.0 = Debug|Any CPU
		{A34C84F9-2E03-4074-85B2-5A8321169452}.Release|Any CPU.ActiveCfg = Release|Any CPU
		{A34C84F9-2E03-4074-85B2-5A8321169452}.Release|Any CPU.Build.0 = Release|Any CPU
	EndGlobalSection
	GlobalSection(SolutionProperties) = preSolution
		HideSolutionNode = FALSE
	EndGlobalSection
	GlobalSection(ExtensibilityGlobals) = postSolution
		SolutionGuid = {9250D750-9350-478D-B39C-D404D34DFA36}
	EndGlobalSection
EndGlobal
